
Microsoft Visual Studio Solution File, Format Version 12.00
# Visual Studio Version 17
VisualStudioVersion = 17.13.35828.75 d17.13
MinimumVisualStudioVersion = 10.0.40219.1
Project("{FAE04EC0-301F-11D3-BF4B-00C04F79EFBC}") = "PrintingManagementSystem", "PrintingManagementSystem\PrintingManagementSystem.csproj", "{5CF987F8-109F-4C46-AA3D-3730ED57AC60}"
EndProject
Global
	GlobalSection(SolutionConfigurationPlatforms) = preSolution
		Debug|Any CPU = Debug|Any CPU
		Release|Any CPU = Release|Any CPU
	EndGlobalSection
	GlobalSection(ProjectConfigurationPlatforms) = postSolution
		{5CF987F8-109F-4C46-AA3D-3730ED57AC60}.Debug|Any CPU.ActiveCfg = Debug|Any CPU
		{5CF987F8-109F-4C46-AA3D-3730ED57AC60}.Debug|Any CPU.Build.0 = Debug|Any CPU
		{5CF987F8-109F-4C46-AA3D-3730ED57AC60}.Release|Any CPU.ActiveCfg = Release|Any CPU
		{5CF987F8-109F-4C46-AA3D-3730ED57AC60}.Release|Any CPU.Build.0 = Release|Any CPU
	EndGlobalSection
	GlobalSection(SolutionProperties) = preSolution
		HideSolutionNode = FALSE
	EndGlobalSection
	GlobalSection(ExtensibilityGlobals) = postSolution
		SolutionGuid = {6A1DB95E-F975-4470-AAD6-F1EE9EDC5D13}
	EndGlobalSection
EndGlobal
